// !$*UTF8*$!
{
	archiveVersion = 1;
	classes = {
	};
	objectVersion = 46;
	objects = {

/* Begin PBXBuildFile section */
		D4E24B3F1BB487D000001E8F /* Foundation.framework in Frameworks */ = {isa = PBXBuildFile; fileRef = D4E24B3E1BB487D000001E8F /* Foundation.framework */; };
		D4E24B411BB487D000001E8F /* CoreGraphics.framework in Frameworks */ = {isa = PBXBuildFile; fileRef = D4E24B401BB487D000001E8F /* CoreGraphics.framework */; };
		D4E24B431BB487D000001E8F /* UIKit.framework in Frameworks */ = {isa = PBXBuildFile; fileRef = D4E24B421BB487D000001E8F /* UIKit.framework */; };
		D4E24B491BB487D000001E8F /* InfoPlist.strings in Resources */ = {isa = PBXBuildFile; fileRef = D4E24B471BB487D000001E8F /* InfoPlist.strings */; };
		D4E24B4B1BB487D000001E8F /* main.m in Sources */ = {isa = PBXBuildFile; fileRef = D4E24B4A1BB487D000001E8F /* main.m */; };
		D4E24B4F1BB487D000001E8F /* CCAppDelegate.m in Sources */ = {isa = PBXBuildFile; fileRef = D4E24B4E1BB487D000001E8F /* CCAppDelegate.m */; };
		D4E24B521BB487D000001E8F /* Main.storyboard in Resources */ = {isa = PBXBuildFile; fileRef = D4E24B501BB487D000001E8F /* Main.storyboard */; };
		D4E24B551BB487D000001E8F /* CCViewController.m in Sources */ = {isa = PBXBuildFile; fileRef = D4E24B541BB487D000001E8F /* CCViewController.m */; };
		D4E24B571BB487D000001E8F /* Images.xcassets in Resources */ = {isa = PBXBuildFile; fileRef = D4E24B561BB487D000001E8F /* Images.xcassets */; };
		D4E24B5E1BB487D000001E8F /* XCTest.framework in Frameworks */ = {isa = PBXBuildFile; fileRef = D4E24B5D1BB487D000001E8F /* XCTest.framework */; };
		D4E24B5F1BB487D000001E8F /* Foundation.framework in Frameworks */ = {isa = PBXBuildFile; fileRef = D4E24B3E1BB487D000001E8F /* Foundation.framework */; };
		D4E24B601BB487D000001E8F /* UIKit.framework in Frameworks */ = {isa = PBXBuildFile; fileRef = D4E24B421BB487D000001E8F /* UIKit.framework */; };
		D4E24B681BB487D000001E8F /* InfoPlist.strings in Resources */ = {isa = PBXBuildFile; fileRef = D4E24B661BB487D000001E8F /* InfoPlist.strings */; };
		D4E24B6A1BB487D000001E8F /* NSUserDefaults__Segues_and_Protocols_Challenge_SolutionsTests.m in Sources */ = {isa = PBXBuildFile; fileRef = D4E24B691BB487D000001E8F /* NSUserDefaults__Segues_and_Protocols_Challenge_SolutionsTests.m */; };
		D4E24B751BB4897500001E8F /* CCSignInViewController.m in Sources */ = {isa = PBXBuildFile; fileRef = D4E24B741BB4897500001E8F /* CCSignInViewController.m */; };
		D4E24B781BB489A100001E8F /* CCCreateAccountViewController.m in Sources */ = {isa = PBXBuildFile; fileRef = D4E24B771BB489A100001E8F /* CCCreateAccountViewController.m */; };
/* End PBXBuildFile section */

/* Begin PBXContainerItemProxy section */
		D4E24B611BB487D000001E8F /* PBXContainerItemProxy */ = {
			isa = PBXContainerItemProxy;
			containerPortal = D4E24B331BB487D000001E8F /* Project object */;
			proxyType = 1;
			remoteGlobalIDString = D4E24B3A1BB487D000001E8F;
			remoteInfo = "NSUserDefaults, Segues and Protocols Challenge Solutions";
		};
/* End PBXContainerItemProxy section */

/* Begin PBXFileReference section */
		D4E24B3B1BB487D000001E8F /* NSUserDefaults, Segues and Protocols Challenge Solutions.app */ = {isa = PBXFileReference; explicitFileType = wrapper.application; includeInIndex = 0; path = "NSUserDefaults, Segues and Protocols Challenge Solutions.app"; sourceTree = BUILT_PRODUCTS_DIR; };
		D4E24B3E1BB487D000001E8F /* Foundation.framework */ = {isa = PBXFileReference; lastKnownFileType = wrapper.framework; name = Foundation.framework; path = System/Library/Frameworks/Foundation.framework; sourceTree = SDKROOT; };
		D4E24B401BB487D000001E8F /* CoreGraphics.framework */ = {isa = PBXFileReference; lastKnownFileType = wrapper.framework; name = CoreGraphics.framework; path = System/Library/Frameworks/CoreGraphics.framework; sourceTree = SDKROOT; };
		D4E24B421BB487D000001E8F /* UIKit.framework */ = {isa = PBXFileReference; lastKnownFileType = wrapper.framework; name = UIKit.framework; path = System/Library/Frameworks/UIKit.framework; sourceTree = SDKROOT; };
		D4E24B461BB487D000001E8F /* NSUserDefaults, Segues and Protocols Challenge Solutions-Info.plist */ = {isa = PBXFileReference; lastKnownFileType = text.plist.xml; path = "NSUserDefaults, Segues and Protocols Challenge Solutions-Info.plist"; sourceTree = "<group>"; };
		D4E24B481BB487D000001E8F /* en */ = {isa = PBXFileReference; lastKnownFileType = text.plist.strings; name = en; path = en.lproj/InfoPlist.strings; sourceTree = "<group>"; };
		D4E24B4A1BB487D000001E8F /* main.m */ = {isa = PBXFileReference; lastKnownFileType = sourcecode.c.objc; path = main.m; sourceTree = "<group>"; };
		D4E24B4C1BB487D000001E8F /* NSUserDefaults, Segues and Protocols Challenge Solutions-Prefix.pch */ = {isa = PBXFileReference; lastKnownFileType = sourcecode.c.h; path = "NSUserDefaults, Segues and Protocols Challenge Solutions-Prefix.pch"; sourceTree = "<group>"; };
		D4E24B4D1BB487D000001E8F /* CCAppDelegate.h */ = {isa = PBXFileReference; lastKnownFileType = sourcecode.c.h; path = CCAppDelegate.h; sourceTree = "<group>"; };
		D4E24B4E1BB487D000001E8F /* CCAppDelegate.m */ = {isa = PBXFileReference; lastKnownFileType = sourcecode.c.objc; path = CCAppDelegate.m; sourceTree = "<group>"; };
		D4E24B511BB487D000001E8F /* Base */ = {isa = PBXFileReference; lastKnownFileType = file.storyboard; name = Base; path = Base.lproj/Main.storyboard; sourceTree = "<group>"; };
		D4E24B531BB487D000001E8F /* CCViewController.h */ = {isa = PBXFileReference; lastKnownFileType = sourcecode.c.h; path = CCViewController.h; sourceTree = "<group>"; };
		D4E24B541BB487D000001E8F /* CCViewController.m */ = {isa = PBXFileReference; lastKnownFileType = sourcecode.c.objc; path = CCViewController.m; sourceTree = "<group>"; };
		D4E24B561BB487D000001E8F /* Images.xcassets */ = {isa = PBXFileReference; lastKnownFileType = folder.assetcatalog; path = Images.xcassets; sourceTree = "<group>"; };
		D4E24B5C1BB487D000001E8F /* NSUserDefaults, Segues and Protocols Challenge SolutionsTests.xctest */ = {isa = PBXFileReference; explicitFileType = wrapper.cfbundle; includeInIndex = 0; path = "NSUserDefaults, Segues and Protocols Challenge SolutionsTests.xctest"; sourceTree = BUILT_PRODUCTS_DIR; };
		D4E24B5D1BB487D000001E8F /* XCTest.framework */ = {isa = PBXFileReference; lastKnownFileType = wrapper.framework; name = XCTest.framework; path = Library/Frameworks/XCTest.framework; sourceTree = DEVELOPER_DIR; };
		D4E24B651BB487D000001E8F /* NSUserDefaults, Segues and Protocols Challenge SolutionsTests-Info.plist */ = {isa = PBXFileReference; lastKnownFileType = text.plist.xml; path = "NSUserDefaults, Segues and Protocols Challenge SolutionsTests-Info.plist"; sourceTree = "<group>"; };
		D4E24B671BB487D000001E8F /* en */ = {isa = PBXFileReference; lastKnownFileType = text.plist.strings; name = en; path = en.lproj/InfoPlist.strings; sourceTree = "<group>"; };
		D4E24B691BB487D000001E8F /* NSUserDefaults__Segues_and_Protocols_Challenge_SolutionsTests.m */ = {isa = PBXFileReference; lastKnownFileType = sourcecode.c.objc; path = NSUserDefaults__Segues_and_Protocols_Challenge_SolutionsTests.m; sourceTree = "<group>"; };
		D4E24B731BB4897500001E8F /* CCSignInViewController.h */ = {isa = PBXFileReference; fileEncoding = 4; lastKnownFileType = sourcecode.c.h; path = CCSignInViewController.h; sourceTree = "<group>"; };
		D4E24B741BB4897500001E8F /* CCSignInViewController.m */ = {isa = PBXFileReference; fileEncoding = 4; lastKnownFileType = sourcecode.c.objc; path = CCSignInViewController.m; sourceTree = "<group>"; };
		D4E24B761BB489A100001E8F /* CCCreateAccountViewController.h */ = {isa = PBXFileReference; fileEncoding = 4; lastKnownFileType = sourcecode.c.h; path = CCCreateAccountViewController.h; sourceTree = "<group>"; };
		D4E24B771BB489A100001E8F /* CCCreateAccountViewController.m */ = {isa = PBXFileReference; fileEncoding = 4; lastKnownFileType = sourcecode.c.objc; path = CCCreateAccountViewController.m; sourceTree = "<group>"; };
/* End PBXFileReference section */

/* Begin PBXFrameworksBuildPhase section */
		D4E24B381BB487D000001E8F /* Frameworks */ = {
			isa = PBXFrameworksBuildPhase;
			buildActionMask = 2147483647;
			files = (
				D4E24B411BB487D000001E8F /* CoreGraphics.framework in Frameworks */,
				D4E24B431BB487D000001E8F /* UIKit.framework in Frameworks */,
				D4E24B3F1BB487D000001E8F /* Foundation.framework in Frameworks */,
			);
			runOnlyForDeploymentPostprocessing = 0;
		};
		D4E24B591BB487D000001E8F /* Frameworks */ = {
			isa = PBXFrameworksBuildPhase;
			buildActionMask = 2147483647;
			files = (
				D4E24B5E1BB487D000001E8F /* XCTest.framework in Frameworks */,
				D4E24B601BB487D000001E8F /* UIKit.framework in Frameworks */,
				D4E24B5F1BB487D000001E8F /* Foundation.framework in Frameworks */,
			);
			runOnlyForDeploymentPostprocessing = 0;
		};
/* End PBXFrameworksBuildPhase section */

/* Begin PBXGroup section */
		D4E24B321BB487D000001E8F = {
			isa = PBXGroup;
			children = (
				D4E24B441BB487D000001E8F /* NSUserDefaults, Segues and Protocols Challenge Solutions */,
				D4E24B631BB487D000001E8F /* NSUserDefaults, Segues and Protocols Challenge SolutionsTests */,
				D4E24B3D1BB487D000001E8F /* Frameworks */,
				D4E24B3C1BB487D000001E8F /* Products */,
			);
			sourceTree = "<group>";
		};
		D4E24B3C1BB487D000001E8F /* Products */ = {
			isa = PBXGroup;
			children = (
				D4E24B3B1BB487D000001E8F /* NSUserDefaults, Segues and Protocols Challenge Solutions.app */,
				D4E24B5C1BB487D000001E8F /* NSUserDefaults, Segues and Protocols Challenge SolutionsTests.xctest */,
			);
			name = Products;
			sourceTree = "<group>";
		};
		D4E24B3D1BB487D000001E8F /* Frameworks */ = {
			isa = PBXGroup;
			children = (
				D4E24B3E1BB487D000001E8F /* Foundation.framework */,
				D4E24B401BB487D000001E8F /* CoreGraphics.framework */,
				D4E24B421BB487D000001E8F /* UIKit.framework */,
				D4E24B5D1BB487D000001E8F /* XCTest.framework */,
			);
			name = Frameworks;
			sourceTree = "<group>";
		};
		D4E24B441BB487D000001E8F /* NSUserDefaults, Segues and Protocols Challenge Solutions */ = {
			isa = PBXGroup;
			children = (
				D4E24B4D1BB487D000001E8F /* CCAppDelegate.h */,
				D4E24B4E1BB487D000001E8F /* CCAppDelegate.m */,
				D4E24B501BB487D000001E8F /* Main.storyboard */,
				D4E24B731BB4897500001E8F /* CCSignInViewController.h */,
				D4E24B741BB4897500001E8F /* CCSignInViewController.m */,
				D4E24B761BB489A100001E8F /* CCCreateAccountViewController.h */,
				D4E24B771BB489A100001E8F /* CCCreateAccountViewController.m */,
				D4E24B531BB487D000001E8F /* CCViewController.h */,
				D4E24B541BB487D000001E8F /* CCViewController.m */,
				D4E24B561BB487D000001E8F /* Images.xcassets */,
				D4E24B451BB487D000001E8F /* Supporting Files */,
			);
			path = "NSUserDefaults, Segues and Protocols Challenge Solutions";
			sourceTree = "<group>";
		};
		D4E24B451BB487D000001E8F /* Supporting Files */ = {
			isa = PBXGroup;
			children = (
				D4E24B461BB487D000001E8F /* NSUserDefaults, Segues and Protocols Challenge Solutions-Info.plist */,
				D4E24B471BB487D000001E8F /* InfoPlist.strings */,
				D4E24B4A1BB487D000001E8F /* main.m */,
				D4E24B4C1BB487D000001E8F /* NSUserDefaults, Segues and Protocols Challenge Solutions-Prefix.pch */,
			);
			name = "Supporting Files";
			sourceTree = "<group>";
		};
		D4E24B631BB487D000001E8F /* NSUserDefaults, Segues and Protocols Challenge SolutionsTests */ = {
			isa = PBXGroup;
			children = (
				D4E24B691BB487D000001E8F /* NSUserDefaults__Segues_and_Protocols_Challenge_SolutionsTests.m */,
				D4E24B641BB487D000001E8F /* Supporting Files */,
			);
			path = "NSUserDefaults, Segues and Protocols Challenge SolutionsTests";
			sourceTree = "<group>";
		};
		D4E24B641BB487D000001E8F /* Supporting Files */ = {
			isa = PBXGroup;
			children = (
				D4E24B651BB487D000001E8F /* NSUserDefaults, Segues and Protocols Challenge SolutionsTests-Info.plist */,
				D4E24B661BB487D000001E8F /* InfoPlist.strings */,
			);
			name = "Supporting Files";
			sourceTree = "<group>";
		};
/* End PBXGroup section */

/* Begin PBXNativeTarget section */
		D4E24B3A1BB487D000001E8F /* NSUserDefaults, Segues and Protocols Challenge Solutions */ = {
			isa = PBXNativeTarget;
			buildConfigurationList = D4E24B6D1BB487D000001E8F /* Build configuration list for PBXNativeTarget "NSUserDefaults, Segues and Protocols Challenge Solutions" */;
			buildPhases = (
				D4E24B371BB487D000001E8F /* Sources */,
				D4E24B381BB487D000001E8F /* Frameworks */,
				D4E24B391BB487D000001E8F /* Resources */,
			);
			buildRules = (
			);
			dependencies = (
			);
			name = "NSUserDefaults, Segues and Protocols Challenge Solutions";
			productName = "NSUserDefaults, Segues and Protocols Challenge Solutions";
			productReference = D4E24B3B1BB487D000001E8F /* NSUserDefaults, Segues and Protocols Challenge Solutions.app */;
			productType = "com.apple.product-type.application";
		};
		D4E24B5B1BB487D000001E8F /* NSUserDefaults, Segues and Protocols Challenge SolutionsTests */ = {
			isa = PBXNativeTarget;
			buildConfigurationList = D4E24B701BB487D000001E8F /* Build configuration list for PBXNativeTarget "NSUserDefaults, Segues and Protocols Challenge SolutionsTests" */;
			buildPhases = (
				D4E24B581BB487D000001E8F /* Sources */,
				D4E24B591BB487D000001E8F /* Frameworks */,
				D4E24B5A1BB487D000001E8F /* Resources */,
			);
			buildRules = (
			);
			dependencies = (
				D4E24B621BB487D000001E8F /* PBXTargetDependency */,
			);
			name = "NSUserDefaults, Segues and Protocols Challenge SolutionsTests";
			productName = "NSUserDefaults, Segues and Protocols Challenge SolutionsTests";
			productReference = D4E24B5C1BB487D000001E8F /* NSUserDefaults, Segues and Protocols Challenge SolutionsTests.xctest */;
			productType = "com.apple.product-type.bundle.unit-test";
		};
/* End PBXNativeTarget section */

/* Begin PBXProject section */
		D4E24B331BB487D000001E8F /* Project object */ = {
			isa = PBXProject;
			attributes = {
				CLASSPREFIX = CC;
				LastUpgradeCheck = 0510;
				ORGANIZATIONNAME = "Rob Lipp";
				TargetAttributes = {
					D4E24B5B1BB487D000001E8F = {
						TestTargetID = D4E24B3A1BB487D000001E8F;
					};
				};
			};
			buildConfigurationList = D4E24B361BB487D000001E8F /* Build configuration list for PBXProject "NSUserDefaults, Segues and Protocols Challenge Solutions" */;
			compatibilityVersion = "Xcode 3.2";
			developmentRegion = English;
			hasScannedForEncodings = 0;
			knownRegions = (
				en,
				Base,
			);
			mainGroup = D4E24B321BB487D000001E8F;
			productRefGroup = D4E24B3C1BB487D000001E8F /* Products */;
			projectDirPath = "";
			projectRoot = "";
			targets = (
				D4E24B3A1BB487D000001E8F /* NSUserDefaults, Segues and Protocols Challenge Solutions */,
				D4E24B5B1BB487D000001E8F /* NSUserDefaults, Segues and Protocols Challenge SolutionsTests */,
			);
		};
/* End PBXProject section */

/* Begin PBXResourcesBuildPhase section */
		D4E24B391BB487D000001E8F /* Resources */ = {
			isa = PBXResourcesBuildPhase;
			buildActionMask = 2147483647;
			files = (
				D4E24B571BB487D000001E8F /* Images.xcassets in Resources */,
				D4E24B491BB487D000001E8F /* InfoPlist.strings in Resources */,
				D4E24B521BB487D000001E8F /* Main.storyboard in Resources */,
			);
			runOnlyForDeploymentPostprocessing = 0;
		};
		D4E24B5A1BB487D000001E8F /* Resources */ = {
			isa = PBXResourcesBuildPhase;
			buildActionMask = 2147483647;
			files = (
				D4E24B681BB487D000001E8F /* InfoPlist.strings in Resources */,
			);
			runOnlyForDeploymentPostprocessing = 0;
		};
/* End PBXResourcesBuildPhase section */

/* Begin PBXSourcesBuildPhase section */
		D4E24B371BB487D000001E8F /* Sources */ = {
			isa = PBXSourcesBuildPhase;
			buildActionMask = 2147483647;
			files = (
				D4E24B751BB4897500001E8F /* CCSignInViewController.m in Sources */,
				D4E24B4F1BB487D000001E8F /* CCAppDelegate.m in Sources */,
				D4E24B781BB489A100001E8F /* CCCreateAccountViewController.m in Sources */,
				D4E24B4B1BB487D000001E8F /* main.m in Sources */,
				D4E24B551BB487D000001E8F /* CCViewController.m in Sources */,
			);
			runOnlyForDeploymentPostprocessing = 0;
		};
		D4E24B581BB487D000001E8F /* Sources */ = {
			isa = PBXSourcesBuildPhase;
			buildActionMask = 2147483647;
			files = (
				D4E24B6A1BB487D000001E8F /* NSUserDefaults__Segues_and_Protocols_Challenge_SolutionsTests.m in Sources */,
			);
			runOnlyForDeploymentPostprocessing = 0;
		};
/* End PBXSourcesBuildPhase section */

/* Begin PBXTargetDependency section */
		D4E24B621BB487D000001E8F /* PBXTargetDependency */ = {
			isa = PBXTargetDependency;
			target = D4E24B3A1BB487D000001E8F /* NSUserDefaults, Segues and Protocols Challenge Solutions */;
			targetProxy = D4E24B611BB487D000001E8F /* PBXContainerItemProxy */;
		};
/* End PBXTargetDependency section */

/* Begin PBXVariantGroup section */
		D4E24B471BB487D000001E8F /* InfoPlist.strings */ = {
			isa = PBXVariantGroup;
			children = (
				D4E24B481BB487D000001E8F /* en */,
			);
			name = InfoPlist.strings;
			sourceTree = "<group>";
		};
		D4E24B501BB487D000001E8F /* Main.storyboard */ = {
			isa = PBXVariantGroup;
			children = (
				D4E24B511BB487D000001E8F /* Base */,
			);
			name = Main.storyboard;
			sourceTree = "<group>";
		};
		D4E24B661BB487D000001E8F /* InfoPlist.strings */ = {
			isa = PBXVariantGroup;
			children = (
				D4E24B671BB487D000001E8F /* en */,
			);
			name = InfoPlist.strings;
			sourceTree = "<group>";
		};
/* End PBXVariantGroup section */

/* Begin XCBuildConfiguration section */
		D4E24B6B1BB487D000001E8F /* Debug */ = {
			isa = XCBuildConfiguration;
			buildSettings = {
				ALWAYS_SEARCH_USER_PATHS = NO;
				CLANG_CXX_LANGUAGE_STANDARD = "gnu++0x";
				CLANG_CXX_LIBRARY = "libc++";
				CLANG_ENABLE_MODULES = YES;
				CLANG_ENABLE_OBJC_ARC = YES;
				CLANG_WARN_BOOL_CONVERSION = YES;
				CLANG_WARN_CONSTANT_CONVERSION = YES;
				CLANG_WARN_DIRECT_OBJC_ISA_USAGE = YES_ERROR;
				CLANG_WARN_EMPTY_BODY = YES;
				CLANG_WARN_ENUM_CONVERSION = YES;
				CLANG_WARN_INT_CONVERSION = YES;
				CLANG_WARN_OBJC_ROOT_CLASS = YES_ERROR;
				CLANG_WARN__DUPLICATE_METHOD_MATCH = YES;
				"CODE_SIGN_IDENTITY[sdk=iphoneos*]" = "iPhone Developer";
				COPY_PHASE_STRIP = NO;
				GCC_C_LANGUAGE_STANDARD = gnu99;
				GCC_DYNAMIC_NO_PIC = NO;
				GCC_OPTIMIZATION_LEVEL = 0;
				GCC_PREPROCESSOR_DEFINITIONS = (
					"DEBUG=1",
					"$(inherited)",
				);
				GCC_SYMBOLS_PRIVATE_EXTERN = NO;
				GCC_WARN_64_TO_32_BIT_CONVERSION = YES;
				GCC_WARN_ABOUT_RETURN_TYPE = YES_ERROR;
				GCC_WARN_UNDECLARED_SELECTOR = YES;
				GCC_WARN_UNINITIALIZED_AUTOS = YES_AGGRESSIVE;
				GCC_WARN_UNUSED_FUNCTION = YES;
				GCC_WARN_UNUSED_VARIABLE = YES;
				IPHONEOS_DEPLOYMENT_TARGET = 7.1;
				ONLY_ACTIVE_ARCH = YES;
				SDKROOT = iphoneos;
			};
			name = Debug;
		};
		D4E24B6C1BB487D000001E8F /* Release */ = {
			isa = XCBuildConfiguration;
			buildSettings = {
				ALWAYS_SEARCH_USER_PATHS = NO;
				CLANG_CXX_LANGUAGE_STANDARD = "gnu++0x";
				CLANG_CXX_LIBRARY = "libc++";
				CLANG_ENABLE_MODULES = YES;
				CLANG_ENABLE_OBJC_ARC = YES;
				CLANG_WARN_BOOL_CONVERSION = YES;
				CLANG_WARN_CONSTANT_CONVERSION = YES;
				CLANG_WARN_DIRECT_OBJC_ISA_USAGE = YES_ERROR;
				CLANG_WARN_EMPTY_BODY = YES;
				CLANG_WARN_ENUM_CONVERSION = YES;
				CLANG_WARN_INT_CONVERSION = YES;
				CLANG_WARN_OBJC_ROOT_CLASS = YES_ERROR;
				CLANG_WARN__DUPLICATE_METHOD_MATCH = YES;
				"CODE_SIGN_IDENTITY[sdk=iphoneos*]" = "iPhone Developer";
				COPY_PHASE_STRIP = YES;
				ENABLE_NS_ASSERTIONS = NO;
				GCC_C_LANGUAGE_STANDARD = gnu99;
				GCC_WARN_64_TO_32_BIT_CONVERSION = YES;
				GCC_WARN_ABOUT_RETURN_TYPE = YES_ERROR;
				GCC_WARN_UNDECLARED_SELECTOR = YES;
				GCC_WARN_UNINITIALIZED_AUTOS = YES_AGGRESSIVE;
				GCC_WARN_UNUSED_FUNCTION = YES;
				GCC_WARN_UNUSED_VARIABLE = YES;
				IPHONEOS_DEPLOYMENT_TARGET = 7.1;
				SDKROOT = iphoneos;
				VALIDATE_PRODUCT = YES;
			};
			name = Release;
		};
		D4E24B6E1BB487D000001E8F /* Debug */ = {
			isa = XCBuildConfiguration;
			buildSettings = {
				ASSETCATALOG_COMPILER_APPICON_NAME = AppIcon;
				ASSETCATALOG_COMPILER_LAUNCHIMAGE_NAME = LaunchImage;
				GCC_PRECOMPILE_PREFIX_HEADER = YES;
				GCC_PREFIX_HEADER = "NSUserDefaults, Segues and Protocols Challenge Solutions/NSUserDefaults, Segues and Protocols Challenge Solutions-Prefix.pch";
				INFOPLIST_FILE = "NSUserDefaults, Segues and Protocols Challenge Solutions/NSUserDefaults, Segues and Protocols Challenge Solutions-Info.plist";
				PRODUCT_NAME = "$(TARGET_NAME)";
				WRAPPER_EXTENSION = app;
			};
			name = Debug;
		};
		D4E24B6F1BB487D000001E8F /* Release */ = {
			isa = XCBuildConfiguration;
			buildSettings = {
				ASSETCATALOG_COMPILER_APPICON_NAME = AppIcon;
				ASSETCATALOG_COMPILER_LAUNCHIMAGE_NAME = LaunchImage;
				GCC_PRECOMPILE_PREFIX_HEADER = YES;
				GCC_PREFIX_HEADER = "NSUserDefaults, Segues and Protocols Challenge Solutions/NSUserDefaults, Segues and Protocols Challenge Solutions-Prefix.pch";
				INFOPLIST_FILE = "NSUserDefaults, Segues and Protocols Challenge Solutions/NSUserDefaults, Segues and Protocols Challenge Solutions-Info.plist";
				PRODUCT_NAME = "$(TARGET_NAME)";
				WRAPPER_EXTENSION = app;
			};
			name = Release;
		};
		D4E24B711BB487D000001E8F /* Debug */ = {
			isa = XCBuildConfiguration;
			buildSettings = {
				BUNDLE_LOADER = "$(BUILT_PRODUCTS_DIR)/NSUserDefaults, Segues and Protocols Challenge Solutions.app/NSUserDefaults, Segues and Protocols Challenge Solutions";
				FRAMEWORK_SEARCH_PATHS = (
					"$(SDKROOT)/Developer/Library/Frameworks",
					"$(inherited)",
					"$(DEVELOPER_FRAMEWORKS_DIR)",
				);
				GCC_PRECOMPILE_PREFIX_HEADER = YES;
				GCC_PREFIX_HEADER = "NSUserDefaults, Segues and Protocols Challenge Solutions/NSUserDefaults, Segues and Protocols Challenge Solutions-Prefix.pch";
				GCC_PREPROCESSOR_DEFINITIONS = (
					"DEBUG=1",
					"$(inherited)",
				);
				INFOPLIST_FILE = "NSUserDefaults, Segues and Protocols Challenge SolutionsTests/NSUserDefaults, Segues and Protocols Challenge SolutionsTests-Info.plist";
				PRODUCT_NAME = "$(TARGET_NAME)";
				TEST_HOST = "$(BUNDLE_LOADER)";
				WRAPPER_EXTENSION = xctest;
			};
			name = Debug;
		};
		D4E24B721BB487D000001E8F /* Release */ = {
			isa = XCBuildConfiguration;
			buildSettings = {
				BUNDLE_LOADER = "$(BUILT_PRODUCTS_DIR)/NSUserDefaults, Segues and Protocols Challenge Solutions.app/NSUserDefaults, Segues and Protocols Challenge Solutions";
				FRAMEWORK_SEARCH_PATHS = (
					"$(SDKROOT)/Developer/Library/Frameworks",
					"$(inherited)",
					"$(DEVELOPER_FRAMEWORKS_DIR)",
				);
				GCC_PRECOMPILE_PREFIX_HEADER = YES;
				GCC_PREFIX_HEADER = "NSUserDefaults, Segues and Protocols Challenge Solutions/NSUserDefaults, Segues and Protocols Challenge Solutions-Prefix.pch";
				INFOPLIST_FILE = "NSUserDefaults, Segues and Protocols Challenge SolutionsTests/NSUserDefaults, Segues and Protocols Challenge SolutionsTests-Info.plist";
				PRODUCT_NAME = "$(TARGET_NAME)";
				TEST_HOST = "$(BUNDLE_LOADER)";
				WRAPPER_EXTENSION = xctest;
			};
			name = Release;
		};
/* End XCBuildConfiguration section */

/* Begin XCConfigurationList section */
		D4E24B361BB487D000001E8F /* Build configuration list for PBXProject "NSUserDefaults, Segues and Protocols Challenge Solutions" */ = {
			isa = XCConfigurationList;
			buildConfigurations = (
				D4E24B6B1BB487D000001E8F /* Debug */,
				D4E24B6C1BB487D000001E8F /* Release */,
			);
			defaultConfigurationIsVisible = 0;
			defaultConfigurationName = Release;
		};
		D4E24B6D1BB487D000001E8F /* Build configuration list for PBXNativeTarget "NSUserDefaults, Segues and Protocols Challenge Solutions" */ = {
			isa = XCConfigurationList;
			buildConfigurations = (
				D4E24B6E1BB487D000001E8F /* Debug */,
				D4E24B6F1BB487D000001E8F /* Release */,
			);
			defaultConfigurationIsVisible = 0;
		};
		D4E24B701BB487D000001E8F /* Build configuration list for PBXNativeTarget "NSUserDefaults, Segues and Protocols Challenge SolutionsTests" */ = {
			isa = XCConfigurationList;
			buildConfigurations = (
				D4E24B711BB487D000001E8F /* Debug */,
				D4E24B721BB487D000001E8F /* Release */,
			);
			defaultConfigurationIsVisible = 0;
		};
/* End XCConfigurationList section */
	};
	rootObject = D4E24B331BB487D000001E8F /* Project object */;
}
